{
  "name": "ssa",
  "version": "1.0.0",
  "lockfileVersion": 2,
  "requires": true,
  "packages": {
    "": {
      "name": "ssa",
      "version": "1.0.0",
      "license": "ISC",
      "dependencies": {
        "@dcloudio/uni-app": "^2.0.2-4080720251210002",
        "@dcloudio/uni-components": "^3.0.0-alpha-3000020210521001",
        "@dcloudio/uni-h5": "^2.0.2-4080720251210002",
        "@dcloudio/uni-mp-weixin": "^2.0.2-4080720251210002"
      }
    },
    "node_modules/@dcloudio/types": {
      "version": "3.4.29",
      "resolved": "https://registry.npmmirror.com/@dcloudio/types/-/types-3.4.29.tgz",
      "integrity": "sha512-7uBInqqYLoLmQMqlzW4FsYCEHTUgTkrtZVsFGgQnJT7ZCA12U9y0ovrqAM1ZWkLruHYfOS7xIqO77Who6UBLJg==",
      "peer": true
    },
    "node_modules/@dcloudio/uni-app": {
      "version": "2.0.2-4080720251210002",
      "resolved": "https://registry.npmjs.org/@dcloudio/uni-app/-/uni-app-2.0.2-4080720251210002.tgz",
      "integrity": "sha512-FUw/bJJwBPl/scKBog21wusICrU9T4TFwyKKVbtNbWIO98IBzjRIin0mmwzhqHNL1kZO0LbwnoRe7LtusW8LQw==",
      "peerDependencies": {
        "@dcloudio/types": "^3.0.15",
        "@vue/composition-api": "^1.7.0"
      }
    },
    "node_modules/@dcloudio/uni-components": {
      "version": "3.0.0-alpha-3000020210521001",
      "resolved": "https://registry.npmjs.org/@dcloudio/uni-components/-/uni-components-3.0.0-alpha-3000020210521001.tgz",
      "integrity": "sha512-FxCzOPgOqE5V9owpogIZc0UvvfSlrzL77YVoKFWXB6BRJwAzc2bEpzA0+vUA+2V+RajWN6HrK9/czKjsArTS1A=="
    },
    "node_modules/@dcloudio/uni-h5": {
      "version": "2.0.2-4080720251210002",
      "resolved": "https://registry.npmjs.org/@dcloudio/uni-h5/-/uni-h5-2.0.2-4080720251210002.tgz",
      "integrity": "sha512-yBYX2rvX+03eVjkmzNfWetMW5jjhz+7B643Otjs7IOp+KXVSpslAwLO3F5kKhaBQQXGFJ9Tn7f4DEtrQZkAxKg==",
      "dependencies": {
        "base64-arraybuffer": "^0.2.0",
        "intersection-observer": "^0.7.0",
        "pako": "^1.0.11",
        "postcss-urlrewrite": "^0.3.0",
        "safe-area-insets": "^1.4.1"
      }
    },
    "node_modules/@dcloudio/uni-mp-weixin": {
      "version": "2.0.2-4080720251210002",
      "resolved": "https://registry.npmjs.org/@dcloudio/uni-mp-weixin/-/uni-mp-weixin-2.0.2-4080720251210002.tgz",
      "integrity": "sha512-tS9bqQFhrnCbPM+GMDMrQYfQhpb1z/BUABQjLhPTCrT16hOj407pSPLYizDzNGwFcWgvoN4eg2n316cEXsvLRQ=="
    },
    "node_modules/@vue/composition-api": {
      "version": "1.7.2",
      "resolved": "https://registry.npmmirror.com/@vue/composition-api/-/composition-api-1.7.2.tgz",
      "integrity": "sha512-M8jm9J/laYrYT02665HkZ5l2fWTK4dcVg3BsDHm/pfz+MjDYwX+9FUaZyGwEyXEDonQYRCo0H7aLgdklcIELjw==",
      "peer": true,
      "peerDependencies": {
        "vue": ">= 2.5 < 2.7"
      }
    },
    "node_modules/base64-arraybuffer": {
      "version": "0.2.0",
      "resolved": "https://registry.npmjs.org/base64-arraybuffer/-/base64-arraybuffer-0.2.0.tgz",
      "integrity": "sha512-7emyCsu1/xiBXgQZrscw/8KPRT44I4Yq9Pe6EGs3aPRTsWuggML1/1DTuZUuIaJPIm1FTDUVXl4x/yW8s0kQDQ==",
      "engines": {
        "node": ">= 0.6.0"
      }
    },
    "node_modules/intersection-observer": {
      "version": "0.7.0",
      "resolved": "https://registry.npmjs.org/intersection-observer/-/intersection-observer-0.7.0.tgz",
      "integrity": "sha512-Id0Fij0HsB/vKWGeBe9PxeY45ttRiBmhFyyt/geBdDHBYNctMRTE3dC1U3ujzz3lap+hVXlEcVaB56kZP/eEUg==",
      "deprecated": "The Intersection Observer polyfill is no longer needed and can safely be removed. Intersection Observer has been Baseline since 2019."
    },
    "node_modules/pako": {
      "version": "1.0.11",
      "resolved": "https://registry.npmjs.org/pako/-/pako-1.0.11.tgz",
      "integrity": "sha512-4hLB8Py4zZce5s4yd9XzopqwVv/yGNhV1Bl8NTmCq1763HeK2+EwVTv+leGeL13Dnh2wfbqowVPXCIO0z4taYw=="
    },
    "node_modules/postcss-helpers": {
      "version": "0.3.3",
      "resolved": "https://registry.npmjs.org/postcss-helpers/-/postcss-helpers-0.3.3.tgz",
      "integrity": "sha512-VumiUcrpbxGlTBNQj6fUOkb/HNRUk/xYz8bNlhgVOdvk3yWEy4B+0nlDUZZM9mTVZ5bJoxUy7WT6z/4E7oMTgw==",
      "dependencies": {
        "urijs": "^1.18.12"
      },
      "engines": {
        "node": ">=0.12.9"
      }
    },
    "node_modules/postcss-urlrewrite": {
      "version": "0.3.0",
      "resolved": "https://registry.npmjs.org/postcss-urlrewrite/-/postcss-urlrewrite-0.3.0.tgz",
      "integrity": "sha512-504S/dMa7a0n1yghE2I6fxY/DfMUM+w9qsFaoYnXE8KsCofmKLlA7PKbR+wtdEJ0N00Z1lGYxX/oFz13xArcLQ==",
      "dependencies": {
        "postcss-helpers": "^0.3.3"
      },
      "engines": {
        "node": ">=16"
      }
    },
    "node_modules/safe-area-insets": {
      "version": "1.4.1",
      "resolved": "https://registry.npmjs.org/safe-area-insets/-/safe-area-insets-1.4.1.tgz",
      "integrity": "sha512-r/nRWTjFGhhm3w1Z6Kd/jY11srN+lHt2mNl1E/emQGW8ic7n3Avu4noibklfSM+Y34peNphHD/BSZecav0sXYQ=="
    },
    "node_modules/urijs": {
      "version": "1.19.11",
      "resolved": "https://registry.npmjs.org/urijs/-/urijs-1.19.11.tgz",
      "integrity": "sha512-HXgFDgDommxn5/bIv0cnQZsPhHDA90NPHD6+c/v21U5+Sx5hoP8+dP9IZXBU1gIfvdRfhG8cel9QNPeionfcCQ=="
    },
    "node_modules/vue": {
      "version": "2.6.14",
      "resolved": "https://registry.npmmirror.com/vue/-/vue-2.6.14.tgz",
      "integrity": "sha512-x2284lgYvjOMj3Za7kqzRcUSxBboHqtgRE2zlos1qWaOye5yUmHn42LB1250NJBLRwEcdrB0JRwyPTEPhfQjiQ==",
      "deprecated": "Vue 2 has reached EOL and is no longer actively maintained. See https://v2.vuejs.org/eol/ for more details.",
      "peer": true
    }
  },
  "dependencies": {
    "@dcloudio/types": {
      "version": "3.4.29",
      "resolved": "https://registry.npmmirror.com/@dcloudio/types/-/types-3.4.29.tgz",
      "integrity": "sha512-7uBInqqYLoLmQMqlzW4FsYCEHTUgTkrtZVsFGgQnJT7ZCA12U9y0ovrqAM1ZWkLruHYfOS7xIqO77Who6UBLJg==",
      "peer": true
    },
    "@dcloudio/uni-app": {
      "version": "2.0.2-4080720251210002",
      "resolved": "https://registry.npmjs.org/@dcloudio/uni-app/-/uni-app-2.0.2-4080720251210002.tgz",
      "integrity": "sha512-FUw/bJJwBPl/scKBog21wusICrU9T4TFwyKKVbtNbWIO98IBzjRIin0mmwzhqHNL1kZO0LbwnoRe7LtusW8LQw==",
      "requires": {}
    },
    "@dcloudio/uni-components": {
      "version": "3.0.0-alpha-3000020210521001",
      "resolved": "https://registry.npmjs.org/@dcloudio/uni-components/-/uni-components-3.0.0-alpha-3000020210521001.tgz",
      "integrity": "sha512-FxCzOPgOqE5V9owpogIZc0UvvfSlrzL77YVoKFWXB6BRJwAzc2bEpzA0+vUA+2V+RajWN6HrK9/czKjsArTS1A=="
    },
    "@dcloudio/uni-h5": {
      "version": "2.0.2-4080720251210002",
      "resolved": "https://registry.npmjs.org/@dcloudio/uni-h5/-/uni-h5-2.0.2-4080720251210002.tgz",
      "integrity": "sha512-yBYX2rvX+03eVjkmzNfWetMW5jjhz+7B643Otjs7IOp+KXVSpslAwLO3F5kKhaBQQXGFJ9Tn7f4DEtrQZkAxKg==",
      "requires": {
        "base64-arraybuffer": "^0.2.0",
        "intersection-observer": "^0.7.0",
        "pako": "^1.0.11",
        "postcss-urlrewrite": "^0.3.0",
        "safe-area-insets": "^1.4.1"
      }
    },
    "@dcloudio/uni-mp-weixin": {
      "version": "2.0.2-4080720251210002",
      "resolved": "https://registry.npmjs.org/@dcloudio/uni-mp-weixin/-/uni-mp-weixin-2.0.2-4080720251210002.tgz",
      "integrity": "sha512-tS9bqQFhrnCbPM+GMDMrQYfQhpb1z/BUABQjLhPTCrT16hOj407pSPLYizDzNGwFcWgvoN4eg2n316cEXsvLRQ=="
    },
    "@vue/composition-api": {
      "version": "1.7.2",
      "resolved": "https://registry.npmmirror.com/@vue/composition-api/-/composition-api-1.7.2.tgz",
      "integrity": "sha512-M8jm9J/laYrYT02665HkZ5l2fWTK4dcVg3BsDHm/pfz+MjDYwX+9FUaZyGwEyXEDonQYRCo0H7aLgdklcIELjw==",
      "peer": true,
      "requires": {}
    },
    "base64-arraybuffer": {
      "version": "0.2.0",
      "resolved": "https://registry.npmjs.org/base64-arraybuffer/-/base64-arraybuffer-0.2.0.tgz",
      "integrity": "sha512-7emyCsu1/xiBXgQZrscw/8KPRT44I4Yq9Pe6EGs3aPRTsWuggML1/1DTuZUuIaJPIm1FTDUVXl4x/yW8s0kQDQ=="
    },
    "intersection-observer": {
      "version": "0.7.0",
      "resolved": "https://registry.npmjs.org/intersection-observer/-/intersection-observer-0.7.0.tgz",
      "integrity": "sha512-Id0Fij0HsB/vKWGeBe9PxeY45ttRiBmhFyyt/geBdDHBYNctMRTE3dC1U3ujzz3lap+hVXlEcVaB56kZP/eEUg=="
    },
    "pako": {
      "version": "1.0.11",
      "resolved": "https://registry.npmjs.org/pako/-/pako-1.0.11.tgz",
      "integrity": "sha512-4hLB8Py4zZce5s4yd9XzopqwVv/yGNhV1Bl8NTmCq1763HeK2+EwVTv+leGeL13Dnh2wfbqowVPXCIO0z4taYw=="
    },
    "postcss-helpers": {
      "version": "0.3.3",
      "resolved": "https://registry.npmjs.org/postcss-helpers/-/postcss-helpers-0.3.3.tgz",
      "integrity": "sha512-VumiUcrpbxGlTBNQj6fUOkb/HNRUk/xYz8bNlhgVOdvk3yWEy4B+0nlDUZZM9mTVZ5bJoxUy7WT6z/4E7oMTgw==",
      "requires": {
        "urijs": "^1.18.12"
      }
    },
    "postcss-urlrewrite": {
      "version": "0.3.0",
      "resolved": "https://registry.npmjs.org/postcss-urlrewrite/-/postcss-urlrewrite-0.3.0.tgz",
      "integrity": "sha512-504S/dMa7a0n1yghE2I6fxY/DfMUM+w9qsFaoYnXE8KsCofmKLlA7PKbR+wtdEJ0N00Z1lGYxX/oFz13xArcLQ==",
      "requires": {
        "postcss-helpers": "^0.3.3"
      }
    },
    "safe-area-insets": {
      "version": "1.4.1",
      "resolved": "https://registry.npmjs.org/safe-area-insets/-/safe-area-insets-1.4.1.tgz",
      "integrity": "sha512-r/nRWTjFGhhm3w1Z6Kd/jY11srN+lHt2mNl1E/emQGW8ic7n3Avu4noibklfSM+Y34peNphHD/BSZecav0sXYQ=="
    },
    "urijs": {
      "version": "1.19.11",
      "resolved": "https://registry.npmjs.org/urijs/-/urijs-1.19.11.tgz",
      "integrity": "sha512-HXgFDgDommxn5/bIv0cnQZsPhHDA90NPHD6+c/v21U5+Sx5hoP8+dP9IZXBU1gIfvdRfhG8cel9QNPeionfcCQ=="
    },
    "vue": {
      "version": "2.6.14",
      "resolved": "https://registry.npmmirror.com/vue/-/vue-2.6.14.tgz",
      "integrity": "sha512-x2284lgYvjOMj3Za7kqzRcUSxBboHqtgRE2zlos1qWaOye5yUmHn42LB1250NJBLRwEcdrB0JRwyPTEPhfQjiQ==",
      "peer": true
    }
  }
}
